{
  "originHash" : "e374c4ac87f087658ea89b238995289a1b245e50926f24a65d38147b189a412c",
  "pins" : [
    {
      "identity" : "codeeditor",
      "kind" : "remoteSourceControl",
      "location" : "https://github.com/ZeeZide/CodeEditor.git",
      "state" : {
        "revision" : "f5c076b94f4ceb05abff88ba91d75a8d57143f0c",
        "version" : "1.2.6"
      }
    },
    {
      "identity" : "highlightr",
      "kind" : "remoteSourceControl",
      "location" : "https://github.com/helje5/Highlightr",
      "state" : {
        "revision" : "bd0358056ff1f12ea83833a9fc1b3b5a396a9da0",
        "version" : "3.0.2"
      }
    },
    {
      "identity" : "swiftgit2",
      "kind" : "remoteSourceControl",
      "location" : "https://github.com/mbernson/SwiftGit2.git",
      "state" : {
        "branch" : "swift-package-manager",
        "revision" : "ed7767625e889e608b0fb0ed45b0ab1114026d0a"
      }
    }
  ],
  "version" : 3
}
